<?xml version="1.0" encoding="utf-8"?>
<Project ToolsVersion="4.0" xmlns="http://schemas.microsoft.com/developer/msbuild/2003">
  <ItemGroup>
    <Filter Include="Source Files">
      <UniqueIdentifier>{4FC737F1-C7A5-4376-A066-2A32D752A2FF}</UniqueIdentifier>
      <Extensions>cpp;c;cc;cxx;def;odl;idl;hpj;bat;asm;asmx</Extensions>
    </Filter>
    <Filter Include="Header Files">
      <UniqueIdentifier>{93995380-89BD-4b04-88EB-625FBE52EBFB}</UniqueIdentifier>
      <Extensions>h;hh;hpp;hxx;hm;inl;inc;xsd</Extensions>
    </Filter>
    <Filter Include="Resource Files">
      <UniqueIdentifier>{67DA6AB6-F800-4c08-8B7A-83BB121AAD01}</UniqueIdentifier>
      <Extensions>rc;ico;cur;bmp;dlg;rc2;rct;bin;rgs;gif;jpg;jpeg;jpe;resx;tiff;tif;png;wav;mfcribbon-ms</Extensions>
    </Filter>
  </ItemGroup>
  <ItemGroup>
    <ClCompile Include="Source.cpp">
      <Filter>Source Files</Filter>
    </ClCompile>
    <ClCompile Include="Painter.cpp">
      <Filter>Source Files</Filter>
    </ClCompile>
    <ClCompile Include="ctci\chapter01\q01_01\unique_chars.cpp">
      <Filter>Source Files</Filter>
    </ClCompile>
    <ClCompile Include="ctci\chapter01\q01_02\check_permutation.cpp">
      <Filter>Source Files</Filter>
    </ClCompile>
    <ClCompile Include="ctci\chapter01\q01_03\urlify.cpp">
      <Filter>Source Files</Filter>
    </ClCompile>
    <ClCompile Include="ctci\chapter01\q01_04\palindrome_permutation.cpp">
      <Filter>Source Files</Filter>
    </ClCompile>
    <ClCompile Include="ctci\chapter01\q01_05\one_away.cpp">
      <Filter>Source Files</Filter>
    </ClCompile>
    <ClCompile Include="ctci\chapter01\q01_06\string_compression.cpp">
      <Filter>Source Files</Filter>
    </ClCompile>
    <ClCompile Include="ctci\chapter01\q01_07\rotate_matrix.cpp">
      <Filter>Source Files</Filter>
    </ClCompile>
    <ClCompile Include="ctci\chapter01\q01_09\string_rotation.cpp">
      <Filter>Source Files</Filter>
    </ClCompile>
    <ClCompile Include="ctci\chapter02\q02_01\remove_dups.cpp">
      <Filter>Source Files</Filter>
    </ClCompile>
    <ClCompile Include="ctci\library\linked_list_node.cpp">
      <Filter>Source Files</Filter>
    </ClCompile>
    <ClCompile Include="ctci\library\assorted_methods.cpp">
      <Filter>Source Files</Filter>
    </ClCompile>
    <ClCompile Include="ctci\chapter02\q02_02\return_kth_to_last.cpp">
      <Filter>Source Files</Filter>
    </ClCompile>
    <ClCompile Include="ctci\chapter02\q02_03\delete_middle_node.cpp">
      <Filter>Source Files</Filter>
    </ClCompile>
    <ClCompile Include="ctci\chapter02\q02_04\partition.cpp">
      <Filter>Source Files</Filter>
    </ClCompile>
    <ClCompile Include="ctci\chapter02\q02_05\sum_lists.cpp">
      <Filter>Source Files</Filter>
    </ClCompile>
    <ClCompile Include="ctci\chapter02\q02_06\palindrome.cpp">
      <Filter>Source Files</Filter>
    </ClCompile>
    <ClCompile Include="ctci\chapter02\q02_07\intersection.cpp">
      <Filter>Source Files</Filter>
    </ClCompile>
  </ItemGroup>
  <ItemGroup>
    <ClInclude Include="Source.h">
      <Filter>Header Files</Filter>
    </ClInclude>
    <ClInclude Include="Turtle.h">
      <Filter>Header Files</Filter>
    </ClInclude>
    <ClInclude Include="Painter.h">
      <Filter>Header Files</Filter>
    </ClInclude>
    <ClInclude Include="ctci\chapter01\q01_01\unique_chars.h">
      <Filter>Header Files</Filter>
    </ClInclude>
    <ClInclude Include="ctci\chapter01\q01_02\check_permutation.h">
      <Filter>Header Files</Filter>
    </ClInclude>
    <ClInclude Include="ctci\chapter01\q01_03\urlify.h">
      <Filter>Header Files</Filter>
    </ClInclude>
    <ClInclude Include="ctci\chapter01\q01_04\palindrome_permutation.h">
      <Filter>Header Files</Filter>
    </ClInclude>
    <ClInclude Include="ctci\chapter01\q01_05\one_away.h">
      <Filter>Header Files</Filter>
    </ClInclude>
    <ClInclude Include="ctci\chapter01\q01_06\string_compression.h">
      <Filter>Header Files</Filter>
    </ClInclude>
    <ClInclude Include="ctci\chapter01\q01_07\rotate_matrix.h">
      <Filter>Header Files</Filter>
    </ClInclude>
    <ClInclude Include="ctci\chapter01\q01_08\zero_matrix.h">
      <Filter>Header Files</Filter>
    </ClInclude>
    <ClInclude Include="ctci\chapter01\q01_09\string_rotation.h">
      <Filter>Header Files</Filter>
    </ClInclude>
    <ClInclude Include="ctci\chapter02\q02_01\remove_dups.h">
      <Filter>Header Files</Filter>
    </ClInclude>
    <ClInclude Include="ctci\library\linked_list_node.h">
      <Filter>Header Files</Filter>
    </ClInclude>
    <ClInclude Include="ctci\library\assorted_methods.h">
      <Filter>Header Files</Filter>
    </ClInclude>
    <ClInclude Include="ctci\chapter02\q02_02\return_kth_to_last.h">
      <Filter>Header Files</Filter>
    </ClInclude>
    <ClInclude Include="ctci\chapter02\q02_03\delete_middle_node.h">
      <Filter>Header Files</Filter>
    </ClInclude>
    <ClInclude Include="ctci\chapter02\q02_04\partition.h">
      <Filter>Header Files</Filter>
    </ClInclude>
    <ClInclude Include="ctci\chapter02\q02_05\sum_lists.h">
      <Filter>Header Files</Filter>
    </ClInclude>
    <ClInclude Include="ctci\chapter02\q02_06\palindrome.h">
      <Filter>Header Files</Filter>
    </ClInclude>
    <ClInclude Include="ctci\chapter02\q02_07\intersection.h">
      <Filter>Header Files</Filter>
    </ClInclude>
  </ItemGroup>
</Project>